
Microsoft Visual Studio Solution File, Format Version 12.00
Project("{FAE04EC0-301F-11D3-BF4B-00C04F79EFBC}") = "QuackCore", "QuackCore\QuackCore.csproj", "{332DE70F-9B81-4D26-A78D-2DF611FF42B3}"
EndProject
Project("{FAE04EC0-301F-11D3-BF4B-00C04F79EFBC}") = "QuackItem", "QuackItem\QuackItem.csproj", "{7760B704-6BF8-4A6F-AE9D-226637344F8C}"
EndProject
Project("{FAE04EC0-301F-11D3-BF4B-00C04F79EFBC}") = "TarkovStimulants", "TarkovStimulants\TarkovStimulants.csproj", "{5F579F44-CA08-46F1-97F6-F7A23689EC32}"
EndProject
Global
	GlobalSection(SolutionConfigurationPlatforms) = preSolution
		Debug|Any CPU = Debug|Any CPU
		Release|Any CPU = Release|Any CPU
	EndGlobalSection
	GlobalSection(ProjectConfigurationPlatforms) = postSolution
		{332DE70F-9B81-4D26-A78D-2DF611FF42B3}.Debug|Any CPU.ActiveCfg = Debug|Any CPU
		{332DE70F-9B81-4D26-A78D-2DF611FF42B3}.Debug|Any CPU.Build.0 = Debug|Any CPU
		{332DE70F-9B81-4D26-A78D-2DF611FF42B3}.Release|Any CPU.ActiveCfg = Release|Any CPU
		{332DE70F-9B81-4D26-A78D-2DF611FF42B3}.Release|Any CPU.Build.0 = Release|Any CPU
		{7760B704-6BF8-4A6F-AE9D-226637344F8C}.Debug|Any CPU.ActiveCfg = Debug|Any CPU
		{7760B704-6BF8-4A6F-AE9D-226637344F8C}.Debug|Any CPU.Build.0 = Debug|Any CPU
		{7760B704-6BF8-4A6F-AE9D-226637344F8C}.Release|Any CPU.ActiveCfg = Release|Any CPU
		{7760B704-6BF8-4A6F-AE9D-226637344F8C}.Release|Any CPU.Build.0 = Release|Any CPU
		{5F579F44-CA08-46F1-97F6-F7A23689EC32}.Debug|Any CPU.ActiveCfg = Debug|Any CPU
		{5F579F44-CA08-46F1-97F6-F7A23689EC32}.Debug|Any CPU.Build.0 = Debug|Any CPU
		{5F579F44-CA08-46F1-97F6-F7A23689EC32}.Release|Any CPU.ActiveCfg = Release|Any CPU
		{5F579F44-CA08-46F1-97F6-F7A23689EC32}.Release|Any CPU.Build.0 = Release|Any CPU
	EndGlobalSection
EndGlobal
